{
    "name": "nodebb-plugin-extended-markdown",
    "version": "2.1.0",
    "lockfileVersion": 3,
    "requires": true,
    "packages": {
        "": {
            "name": "nodebb-plugin-extended-markdown",
            "version": "2.1.0",
            "license": "BSD-2-Clause",
            "peerDependencies": {
                "nodebb-plugin-markdown": "^12.0.2 || ^13.0.0"
            }
        },
        "node_modules/argparse": {
            "version": "2.0.1",
            "resolved": "https://registry.npmjs.org/argparse/-/argparse-2.0.1.tgz",
            "integrity": "sha512-8+9WqebbFzpX9OR+Wa6O29asIogeRMzcGtAINdpMHHyAg10f05aSFVBbcEqGf/PXw1EjAZ+q2/bEBg3DvurK3Q==",
            "license": "Python-2.0",
            "peer": true
        },
        "node_modules/entities": {
            "version": "2.1.0",
            "resolved": "https://registry.npmjs.org/entities/-/entities-2.1.0.tgz",
            "integrity": "sha512-hCx1oky9PFrJ611mf0ifBLBRW8lUUVRlFolb5gWRfIELabBlbp9xZvrqZLZAs+NxFnbfQoeGd8wDkygjg7U85w==",
            "license": "BSD-2-Clause",
            "peer": true,
            "funding": {
                "url": "https://github.com/fb55/entities?sponsor=1"
            }
        },
        "node_modules/highlight.js": {
            "version": "11.4.0",
            "resolved": "https://registry.npmjs.org/highlight.js/-/highlight.js-11.4.0.tgz",
            "integrity": "sha512-nawlpCBCSASs7EdvZOYOYVkJpGmAOKMYZgZtUqSRqodZE0GRVcFKwo1RcpeOemqh9hyttTdd5wDBwHkuSyUfnA==",
            "license": "BSD-3-Clause",
            "peer": true,
            "engines": {
                "node": ">=12.0.0"
            }
        },
        "node_modules/highlightjs-line-numbers.js": {
            "version": "2.9.0",
            "resolved": "https://registry.npmjs.org/highlightjs-line-numbers.js/-/highlightjs-line-numbers.js-2.9.0.tgz",
            "integrity": "sha512-hMYK5VU+Qi0HmkkdZxamV71ALu9Hq2icQk2WP8OX5q7IPMilSv47ILlJu+fBvxAQdhjW6wONnSQeypsbeRM7WQ==",
            "license": "MIT",
            "peer": true
        },
        "node_modules/linkify-it": {
            "version": "3.0.3",
            "resolved": "https://registry.npmjs.org/linkify-it/-/linkify-it-3.0.3.tgz",
            "integrity": "sha512-ynTsyrFSdE5oZ/O9GEf00kPngmOfVwazR5GKDq6EYfhlpFug3J2zybX56a2PRRpc9P+FuSoGNAwjlbDs9jJBPQ==",
            "license": "MIT",
            "peer": true,
            "dependencies": {
                "uc.micro": "^1.0.1"
            }
        },
        "node_modules/markdown-it": {
            "version": "12.3.2",
            "resolved": "https://registry.npmjs.org/markdown-it/-/markdown-it-12.3.2.tgz",
            "integrity": "sha512-TchMembfxfNVpHkbtriWltGWc+m3xszaRD0CZup7GFFhzIgQqxIfn3eGj1yZpfuflzPvfkt611B2Q/Bsk1YnGg==",
            "license": "MIT",
            "peer": true,
            "dependencies": {
                "argparse": "^2.0.1",
                "entities": "~2.1.0",
                "linkify-it": "^3.0.1",
                "mdurl": "^1.0.1",
                "uc.micro": "^1.0.5"
            },
            "bin": {
                "markdown-it": "bin/markdown-it.js"
            }
        },
        "node_modules/markdown-it-checkbox": {
            "version": "1.1.0",
            "resolved": "https://registry.npmjs.org/markdown-it-checkbox/-/markdown-it-checkbox-1.1.0.tgz",
            "integrity": "sha512-NkZVjnXo5G+cLNdi7DPZxICypBuxFE9F8sx3YGMZn+Cfizr8EZ/1TFUKl7ZnefF6cr1aFHbnQ5iA3rc4cp7EyA==",
            "license": "MIT",
            "peer": true,
            "dependencies": {
                "underscore": "^1.8.2"
            }
        },
        "node_modules/markdown-it-multimd-table": {
            "version": "4.2.3",
            "resolved": "https://registry.npmjs.org/markdown-it-multimd-table/-/markdown-it-multimd-table-4.2.3.tgz",
            "integrity": "sha512-KepCr2OMJqm7IT6sOIbuqHGe+NERhgy66XMrc5lo6dHW7oaPzMDtYwR1EGwK16/blb6mCSg4jqityOe0o/H7HA==",
            "license": "MIT",
            "peer": true
        },
        "node_modules/mdurl": {
            "version": "1.0.1",
            "resolved": "https://registry.npmjs.org/mdurl/-/mdurl-1.0.1.tgz",
            "integrity": "sha512-/sKlQJCBYVY9Ers9hqzKou4H6V5UWc/M59TH2dvkt+84itfnq7uFOMLpOiOS4ujvHP4etln18fmIxA5R5fll0g==",
            "license": "MIT",
            "peer": true
        },
        "node_modules/nodebb-plugin-markdown": {
            "version": "13.1.0",
            "resolved": "https://registry.npmjs.org/nodebb-plugin-markdown/-/nodebb-plugin-markdown-13.1.0.tgz",
            "integrity": "sha512-IMW3DnVutQDl812Yz7sklIOwmj4+d+cVvUJBFHVLZfwBqKOr7MSJ0+FR7uuVxijN3zMkbgv+rhc/ES35fB+tOg==",
            "license": "MIT",
            "peer": true,
            "dependencies": {
                "highlight.js": "11.4.0",
                "highlightjs-line-numbers.js": "^2.8.0",
                "markdown-it": "^12.0.6",
                "markdown-it-checkbox": "^1.1.0",
                "markdown-it-multimd-table": "^4.0.1"
            }
        },
        "node_modules/uc.micro": {
            "version": "1.0.6",
            "resolved": "https://registry.npmjs.org/uc.micro/-/uc.micro-1.0.6.tgz",
            "integrity": "sha512-8Y75pvTYkLJW2hWQHXxoqRgV7qb9B+9vFEtidML+7koHUFapnVJAZ6cKs+Qjz5Aw3aZWHMC6u0wJE3At+nSGwA==",
            "license": "MIT",
            "peer": true
        },
        "node_modules/underscore": {
            "version": "1.13.7",
            "resolved": "https://registry.npmjs.org/underscore/-/underscore-1.13.7.tgz",
            "integrity": "sha512-GMXzWtsc57XAtguZgaQViUOzs0KTkk8ojr3/xAxXLITqf/3EMwxC0inyETfDFjH/Krbhuep0HNbbjI9i/q3F3g==",
            "license": "MIT",
            "peer": true
        }
    }
}
